// !$*UTF8*$!
{
	archiveVersion = 1;
	classes = {
	};
	objectVersion = 50;
	objects = {

/* Begin PBXBuildFile section */
		11BEFDC8267B8FF500DCAF6F /* AppDelegate.swift in Sources */ = {isa = PBXBuildFile; fileRef = 11BEFDC7267B8FF500DCAF6F /* AppDelegate.swift */; };
		11BEFDCA267B8FF500DCAF6F /* SceneDelegate.swift in Sources */ = {isa = PBXBuildFile; fileRef = 11BEFDC9267B8FF500DCAF6F /* SceneDelegate.swift */; };
		11BEFDCC267B8FF500DCAF6F /* ViewController.swift in Sources */ = {isa = PBXBuildFile; fileRef = 11BEFDCB267B8FF500DCAF6F /* ViewController.swift */; };
		11BEFDCF267B8FF500DCAF6F /* Main.storyboard in Resources */ = {isa = PBXBuildFile; fileRef = 11BEFDCD267B8FF500DCAF6F /* Main.storyboard */; };
		11BEFDD2267B8FF500DCAF6F /* forcastW.xcdatamodeld in Sources */ = {isa = PBXBuildFile; fileRef = 11BEFDD0267B8FF500DCAF6F /* forcastW.xcdatamodeld */; };
		11BEFDD4267B8FFC00DCAF6F /* Assets.xcassets in Resources */ = {isa = PBXBuildFile; fileRef = 11BEFDD3267B8FFC00DCAF6F /* Assets.xcassets */; };
		11BEFDD7267B8FFC00DCAF6F /* LaunchScreen.storyboard in Resources */ = {isa = PBXBuildFile; fileRef = 11BEFDD5267B8FFC00DCAF6F /* LaunchScreen.storyboard */; };
/* End PBXBuildFile section */

/* Begin PBXFileReference section */
		11BEFDC4267B8FF500DCAF6F /* forcastW.app */ = {isa = PBXFileReference; explicitFileType = wrapper.application; includeInIndex = 0; path = forcastW.app; sourceTree = BUILT_PRODUCTS_DIR; };
		11BEFDC7267B8FF500DCAF6F /* AppDelegate.swift */ = {isa = PBXFileReference; lastKnownFileType = sourcecode.swift; path = AppDelegate.swift; sourceTree = "<group>"; };
		11BEFDC9267B8FF500DCAF6F /* SceneDelegate.swift */ = {isa = PBXFileReference; lastKnownFileType = sourcecode.swift; path = SceneDelegate.swift; sourceTree = "<group>"; };
		11BEFDCB267B8FF500DCAF6F /* ViewController.swift */ = {isa = PBXFileReference; lastKnownFileType = sourcecode.swift; path = ViewController.swift; sourceTree = "<group>"; };
		11BEFDCE267B8FF500DCAF6F /* Base */ = {isa = PBXFileReference; lastKnownFileType = file.storyboard; name = Base; path = Base.lproj/Main.storyboard; sourceTree = "<group>"; };
		11BEFDD1267B8FF500DCAF6F /* forcastW.xcdatamodel */ = {isa = PBXFileReference; lastKnownFileType = wrapper.xcdatamodel; path = forcastW.xcdatamodel; sourceTree = "<group>"; };
		11BEFDD3267B8FFC00DCAF6F /* Assets.xcassets */ = {isa = PBXFileReference; lastKnownFileType = folder.assetcatalog; path = Assets.xcassets; sourceTree = "<group>"; };
		11BEFDD6267B8FFC00DCAF6F /* Base */ = {isa = PBXFileReference; lastKnownFileType = file.storyboard; name = Base; path = Base.lproj/LaunchScreen.storyboard; sourceTree = "<group>"; };
		11BEFDD8267B8FFC00DCAF6F /* Info.plist */ = {isa = PBXFileReference; lastKnownFileType = text.plist.xml; path = Info.plist; sourceTree = "<group>"; };
/* End PBXFileReference section */

/* Begin PBXFrameworksBuildPhase section */
		11BEFDC1267B8FF500DCAF6F /* Frameworks */ = {
			isa = PBXFrameworksBuildPhase;
			buildActionMask = 2147483647;
			files = (
			);
			runOnlyForDeploymentPostprocessing = 0;
		};
/* End PBXFrameworksBuildPhase section */

/* Begin PBXGroup section */
		11BEFDBB267B8FF500DCAF6F = {
			isa = PBXGroup;
			children = (
				11BEFDC6267B8FF500DCAF6F /* forcastW */,
				11BEFDC5267B8FF500DCAF6F /* Products */,
			);
			sourceTree = "<group>";
		};
		11BEFDC5267B8FF500DCAF6F /* Products */ = {
			isa = PBXGroup;
			children = (
				11BEFDC4267B8FF500DCAF6F /* forcastW.app */,
			);
			name = Products;
			sourceTree = "<group>";
		};
		11BEFDC6267B8FF500DCAF6F /* forcastW */ = {
			isa = PBXGroup;
			children = (
				11BEFDC7267B8FF500DCAF6F /* AppDelegate.swift */,
				11BEFDC9267B8FF500DCAF6F /* SceneDelegate.swift */,
				11BEFDCB267B8FF500DCAF6F /* ViewController.swift */,
				11BEFDCD267B8FF500DCAF6F /* Main.storyboard */,
				11BEFDD3267B8FFC00DCAF6F /* Assets.xcassets */,
				11BEFDD5267B8FFC00DCAF6F /* LaunchScreen.storyboard */,
				11BEFDD8267B8FFC00DCAF6F /* Info.plist */,
				11BEFDD0267B8FF500DCAF6F /* forcastW.xcdatamodeld */,
			);
			path = forcastW;
			sourceTree = "<group>";
		};
/* End PBXGroup section */

/* Begin PBXNativeTarget section */
		11BEFDC3267B8FF500DCAF6F /* forcastW */ = {
			isa = PBXNativeTarget;
			buildConfigurationList = 11BEFDDB267B8FFC00DCAF6F /* Build configuration list for PBXNativeTarget "forcastW" */;
			buildPhases = (
				11BEFDC0267B8FF500DCAF6F /* Sources */,
				11BEFDC1267B8FF500DCAF6F /* Frameworks */,
				11BEFDC2267B8FF500DCAF6F /* Resources */,
			);
			buildRules = (
			);
			dependencies = (
			);
			name = forcastW;
			productName = forcastW;
			productReference = 11BEFDC4267B8FF500DCAF6F /* forcastW.app */;
			productType = "com.apple.product-type.application";
		};
/* End PBXNativeTarget section */

/* Begin PBXProject section */
		11BEFDBC267B8FF500DCAF6F /* Project object */ = {
			isa = PBXProject;
			attributes = {
				LastSwiftUpdateCheck = 1240;
				LastUpgradeCheck = 1240;
				TargetAttributes = {
					11BEFDC3267B8FF500DCAF6F = {
						CreatedOnToolsVersion = 12.4;
					};
				};
			};
			buildConfigurationList = 11BEFDBF267B8FF500DCAF6F /* Build configuration list for PBXProject "forcastW" */;
			compatibilityVersion = "Xcode 9.3";
			developmentRegion = en;
			hasScannedForEncodings = 0;
			knownRegions = (
				en,
				Base,
			);
			mainGroup = 11BEFDBB267B8FF500DCAF6F;
			productRefGroup = 11BEFDC5267B8FF500DCAF6F /* Products */;
			projectDirPath = "";
			projectRoot = "";
			targets = (
				11BEFDC3267B8FF500DCAF6F /* forcastW */,
			);
		};
/* End PBXProject section */

/* Begin PBXResourcesBuildPhase section */
		11BEFDC2267B8FF500DCAF6F /* Resources */ = {
			isa = PBXResourcesBuildPhase;
			buildActionMask = 2147483647;
			files = (
				11BEFDD7267B8FFC00DCAF6F /* LaunchScreen.storyboard in Resources */,
				11BEFDD4267B8FFC00DCAF6F /* Assets.xcassets in Resources */,
				11BEFDCF267B8FF500DCAF6F /* Main.storyboard in Resources */,
			);
			runOnlyForDeploymentPostprocessing = 0;
		};
/* End PBXResourcesBuildPhase section */

/* Begin PBXSourcesBuildPhase section */
		11BEFDC0267B8FF500DCAF6F /* Sources */ = {
			isa = PBXSourcesBuildPhase;
			buildActionMask = 2147483647;
			files = (
				11BEFDCC267B8FF500DCAF6F /* ViewController.swift in Sources */,
				11BEFDC8267B8FF500DCAF6F /* AppDelegate.swift in Sources */,
				11BEFDD2267B8FF500DCAF6F /* forcastW.xcdatamodeld in Sources */,
				11BEFDCA267B8FF500DCAF6F /* SceneDelegate.swift in Sources */,
			);
			runOnlyForDeploymentPostprocessing = 0;
		};
/* End PBXSourcesBuildPhase section */

/* Begin PBXVariantGroup section */
		11BEFDCD267B8FF500DCAF6F /* Main.storyboard */ = {
			isa = PBXVariantGroup;
			children = (
				11BEFDCE267B8FF500DCAF6F /* Base */,
			);
			name = Main.storyboard;
			sourceTree = "<group>";
		};
		11BEFDD5267B8FFC00DCAF6F /* LaunchScreen.storyboard */ = {
			isa = PBXVariantGroup;
			children = (
				11BEFDD6267B8FFC00DCAF6F /* Base */,
			);
			name = LaunchScreen.storyboard;
			sourceTree = "<group>";
		};
/* End PBXVariantGroup section */

/* Begin XCBuildConfiguration section */
		11BEFDD9267B8FFC00DCAF6F /* Debug */ = {
			isa = XCBuildConfiguration;
			buildSettings = {
				ALWAYS_SEARCH_USER_PATHS = NO;
				CLANG_ANALYZER_NONNULL = YES;
				CLANG_ANALYZER_NUMBER_OBJECT_CONVERSION = YES_AGGRESSIVE;
				CLANG_CXX_LANGUAGE_STANDARD = "gnu++14";
				CLANG_CXX_LIBRARY = "libc++";
				CLANG_ENABLE_MODULES = YES;
				CLANG_ENABLE_OBJC_ARC = YES;
				CLANG_ENABLE_OBJC_WEAK = YES;
				CLANG_WARN_BLOCK_CAPTURE_AUTORELEASING = YES;
				CLANG_WARN_BOOL_CONVERSION = YES;
				CLANG_WARN_COMMA = YES;
				CLANG_WARN_CONSTANT_CONVERSION = YES;
				CLANG_WARN_DEPRECATED_OBJC_IMPLEMENTATIONS = YES;
				CLANG_WARN_DIRECT_OBJC_ISA_USAGE = YES_ERROR;
				CLANG_WARN_DOCUMENTATION_COMMENTS = YES;
				CLANG_WARN_EMPTY_BODY = YES;
				CLANG_WARN_ENUM_CONVERSION = YES;
				CLANG_WARN_INFINITE_RECURSION = YES;
				CLANG_WARN_INT_CONVERSION = YES;
				CLANG_WARN_NON_LITERAL_NULL_CONVERSION = YES;
				CLANG_WARN_OBJC_IMPLICIT_RETAIN_SELF = YES;
				CLANG_WARN_OBJC_LITERAL_CONVERSION = YES;
				CLANG_WARN_OBJC_ROOT_CLASS = YES_ERROR;
				CLANG_WARN_QUOTED_INCLUDE_IN_FRAMEWORK_HEADER = YES;
				CLANG_WARN_RANGE_LOOP_ANALYSIS = YES;
				CLANG_WARN_STRICT_PROTOTYPES = YES;
				CLANG_WARN_SUSPICIOUS_MOVE = YES;
				CLANG_WARN_UNGUARDED_AVAILABILITY = YES_AGGRESSIVE;
				CLANG_WARN_UNREACHABLE_CODE = YES;
				CLANG_WARN__DUPLICATE_METHOD_MATCH = YES;
				COPY_PHASE_STRIP = NO;
				DEBUG_INFORMATION_FORMAT = dwarf;
				ENABLE_STRICT_OBJC_MSGSEND = YES;
				ENABLE_TESTABILITY = YES;
				GCC_C_LANGUAGE_STANDARD = gnu11;
				GCC_DYNAMIC_NO_PIC = NO;
				GCC_NO_COMMON_BLOCKS = YES;
				GCC_OPTIMIZATION_LEVEL = 0;
				GCC_PREPROCESSOR_DEFINITIONS = (
					"DEBUG=1",
					"$(inherited)",
				);
				GCC_WARN_64_TO_32_BIT_CONVERSION = YES;
				GCC_WARN_ABOUT_RETURN_TYPE = YES_ERROR;
				GCC_WARN_UNDECLARED_SELECTOR = YES;
				GCC_WARN_UNINITIALIZED_AUTOS = YES_AGGRESSIVE;
				GCC_WARN_UNUSED_FUNCTION = YES;
				GCC_WARN_UNUSED_VARIABLE = YES;
				IPHONEOS_DEPLOYMENT_TARGET = 14.4;
				MTL_ENABLE_DEBUG_INFO = INCLUDE_SOURCE;
				MTL_FAST_MATH = YES;
				ONLY_ACTIVE_ARCH = YES;
				SDKROOT = iphoneos;
				SWIFT_ACTIVE_COMPILATION_CONDITIONS = DEBUG;
				SWIFT_OPTIMIZATION_LEVEL = "-Onone";
			};
			name = Debug;
		};
		11BEFDDA267B8FFC00DCAF6F /* Release */ = {
			isa = XCBuildConfiguration;
			buildSettings = {
				ALWAYS_SEARCH_USER_PATHS = NO;
				CLANG_ANALYZER_NONNULL = YES;
				CLANG_ANALYZER_NUMBER_OBJECT_CONVERSION = YES_AGGRESSIVE;
				CLANG_CXX_LANGUAGE_STANDARD = "gnu++14";
				CLANG_CXX_LIBRARY = "libc++";
				CLANG_ENABLE_MODULES = YES;
				CLANG_ENABLE_OBJC_ARC = YES;
				CLANG_ENABLE_OBJC_WEAK = YES;
				CLANG_WARN_BLOCK_CAPTURE_AUTORELEASING = YES;
				CLANG_WARN_BOOL_CONVERSION = YES;
				CLANG_WARN_COMMA = YES;
				CLANG_WARN_CONSTANT_CONVERSION = YES;
				CLANG_WARN_DEPRECATED_OBJC_IMPLEMENTATIONS = YES;
				CLANG_WARN_DIRECT_OBJC_ISA_USAGE = YES_ERROR;
				CLANG_WARN_DOCUMENTATION_COMMENTS = YES;
				CLANG_WARN_EMPTY_BODY = YES;
				CLANG_WARN_ENUM_CONVERSION = YES;
				CLANG_WARN_INFINITE_RECURSION = YES;
				CLANG_WARN_INT_CONVERSION = YES;
				CLANG_WARN_NON_LITERAL_NULL_CONVERSION = YES;
				CLANG_WARN_OBJC_IMPLICIT_RETAIN_SELF = YES;
				CLANG_WARN_OBJC_LITERAL_CONVERSION = YES;
				CLANG_WARN_OBJC_ROOT_CLASS = YES_ERROR;
				CLANG_WARN_QUOTED_INCLUDE_IN_FRAMEWORK_HEADER = YES;
				CLANG_WARN_RANGE_LOOP_ANALYSIS = YES;
				CLANG_WARN_STRICT_PROTOTYPES = YES;
				CLANG_WARN_SUSPICIOUS_MOVE = YES;
				CLANG_WARN_UNGUARDED_AVAILABILITY = YES_AGGRESSIVE;
				CLANG_WARN_UNREACHABLE_CODE = YES;
				CLANG_WARN__DUPLICATE_METHOD_MATCH = YES;
				COPY_PHASE_STRIP = NO;
				DEBUG_INFORMATION_FORMAT = "dwarf-with-dsym";
				ENABLE_NS_ASSERTIONS = NO;
				ENABLE_STRICT_OBJC_MSGSEND = YES;
				GCC_C_LANGUAGE_STANDARD = gnu11;
				GCC_NO_COMMON_BLOCKS = YES;
				GCC_WARN_64_TO_32_BIT_CONVERSION = YES;
				GCC_WARN_ABOUT_RETURN_TYPE = YES_ERROR;
				GCC_WARN_UNDECLARED_SELECTOR = YES;
				GCC_WARN_UNINITIALIZED_AUTOS = YES_AGGRESSIVE;
				GCC_WARN_UNUSED_FUNCTION = YES;
				GCC_WARN_UNUSED_VARIABLE = YES;
				IPHONEOS_DEPLOYMENT_TARGET = 14.4;
				MTL_ENABLE_DEBUG_INFO = NO;
				MTL_FAST_MATH = YES;
				SDKROOT = iphoneos;
				SWIFT_COMPILATION_MODE = wholemodule;
				SWIFT_OPTIMIZATION_LEVEL = "-O";
				VALIDATE_PRODUCT = YES;
			};
			name = Release;
		};
		11BEFDDC267B8FFC00DCAF6F /* Debug */ = {
			isa = XCBuildConfiguration;
			buildSettings = {
				ASSETCATALOG_COMPILER_APPICON_NAME = AppIcon;
				ASSETCATALOG_COMPILER_GLOBAL_ACCENT_COLOR_NAME = AccentColor;
				CODE_SIGN_STYLE = Automatic;
				DEVELOPMENT_TEAM = 95ZUNS462R;
				INFOPLIST_FILE = forcastW/Info.plist;
				LD_RUNPATH_SEARCH_PATHS = (
					"$(inherited)",
					"@executable_path/Frameworks",
				);
				PRODUCT_BUNDLE_IDENTIFIER = Nikita.forcastW;
				PRODUCT_NAME = "$(TARGET_NAME)";
				SWIFT_VERSION = 5.0;
				TARGETED_DEVICE_FAMILY = "1,2";
			};
			name = Debug;
		};
		11BEFDDD267B8FFC00DCAF6F /* Release */ = {
			isa = XCBuildConfiguration;
			buildSettings = {
				ASSETCATALOG_COMPILER_APPICON_NAME = AppIcon;
				ASSETCATALOG_COMPILER_GLOBAL_ACCENT_COLOR_NAME = AccentColor;
				CODE_SIGN_STYLE = Automatic;
				DEVELOPMENT_TEAM = 95ZUNS462R;
				INFOPLIST_FILE = forcastW/Info.plist;
				LD_RUNPATH_SEARCH_PATHS = (
					"$(inherited)",
					"@executable_path/Frameworks",
				);
				PRODUCT_BUNDLE_IDENTIFIER = Nikita.forcastW;
				PRODUCT_NAME = "$(TARGET_NAME)";
				SWIFT_VERSION = 5.0;
				TARGETED_DEVICE_FAMILY = "1,2";
			};
			name = Release;
		};
/* End XCBuildConfiguration section */

/* Begin XCConfigurationList section */
		11BEFDBF267B8FF500DCAF6F /* Build configuration list for PBXProject "forcastW" */ = {
			isa = XCConfigurationList;
			buildConfigurations = (
				11BEFDD9267B8FFC00DCAF6F /* Debug */,
				11BEFDDA267B8FFC00DCAF6F /* Release */,
			);
			defaultConfigurationIsVisible = 0;
			defaultConfigurationName = Release;
		};
		11BEFDDB267B8FFC00DCAF6F /* Build configuration list for PBXNativeTarget "forcastW" */ = {
			isa = XCConfigurationList;
			buildConfigurations = (
				11BEFDDC267B8FFC00DCAF6F /* Debug */,
				11BEFDDD267B8FFC00DCAF6F /* Release */,
			);
			defaultConfigurationIsVisible = 0;
			defaultConfigurationName = Release;
		};
/* End XCConfigurationList section */

/* Begin XCVersionGroup section */
		11BEFDD0267B8FF500DCAF6F /* forcastW.xcdatamodeld */ = {
			isa = XCVersionGroup;
			children = (
				11BEFDD1267B8FF500DCAF6F /* forcastW.xcdatamodel */,
			);
			currentVersion = 11BEFDD1267B8FF500DCAF6F /* forcastW.xcdatamodel */;
			path = forcastW.xcdatamodeld;
			sourceTree = "<group>";
			versionGroupType = wrapper.xcdatamodel;
		};
/* End XCVersionGroup section */
	};
	rootObject = 11BEFDBC267B8FF500DCAF6F /* Project object */;
}
